{
  "name": "peachjam-pro",
  "version": "0.1.0",
  "lockfileVersion": 3,
  "requires": true,
  "packages": {
    "": {
      "name": "peachjam-pro",
      "version": "0.1.0",
      "dependencies": {
        "bootstrap": "^5.3.1",
        "pdfjs-dist": "^2.14.305"
      }
    },
    "node_modules/@popperjs/core": {
      "version": "2.11.8",
      "resolved": "https://registry.npmjs.org/@popperjs/core/-/core-2.11.8.tgz",
      "integrity": "sha512-P1st0aksCrn9sGZhp8GMYwBnQsbvAWsZAX44oXNNvLHGqAOcoVxmjZiohstwQ7SqKnbR47akdNi+uleWD8+g6A==",
      "peer": true,
      "funding": {
        "type": "opencollective",
        "url": "https://opencollective.com/popperjs"
      }
    },
    "node_modules/bootstrap": {
      "version": "5.3.8",
      "resolved": "https://registry.npmjs.org/bootstrap/-/bootstrap-5.3.8.tgz",
      "integrity": "sha512-HP1SZDqaLDPwsNiqRqi5NcP0SSXciX2s9E+RyqJIIqGo+vJeN5AJVM98CXmW/Wux0nQ5L7jeWUdplCEf0Ee+tg==",
      "funding": [
        {
          "type": "github",
          "url": "https://github.com/sponsors/twbs"
        },
        {
          "type": "opencollective",
          "url": "https://opencollective.com/bootstrap"
        }
      ],
      "peerDependencies": {
        "@popperjs/core": "^2.11.8"
      }
    },
    "node_modules/dommatrix": {
      "version": "1.0.3",
      "resolved": "https://registry.npmjs.org/dommatrix/-/dommatrix-1.0.3.tgz",
      "integrity": "sha512-l32Xp/TLgWb8ReqbVJAFIvXmY7go4nTxxlWiAFyhoQw9RKEOHBZNnyGvJWqDVSPmq3Y9HlM4npqF/T6VMOXhww==",
      "deprecated": "dommatrix is no longer maintained. Please use @thednp/dommatrix."
    },
    "node_modules/pdfjs-dist": {
      "version": "2.16.105",
      "resolved": "https://registry.npmjs.org/pdfjs-dist/-/pdfjs-dist-2.16.105.tgz",
      "integrity": "sha512-J4dn41spsAwUxCpEoVf6GVoz908IAA3mYiLmNxg8J9kfRXc2jxpbUepcP0ocp0alVNLFthTAM8DZ1RaHh8sU0A==",
      "dependencies": {
        "dommatrix": "^1.0.3",
        "web-streams-polyfill": "^3.2.1"
      },
      "peerDependencies": {
        "worker-loader": "^3.0.8"
      },
      "peerDependenciesMeta": {
        "worker-loader": {
          "optional": true
        }
      }
    },
    "node_modules/web-streams-polyfill": {
      "version": "3.3.3",
      "resolved": "https://registry.npmjs.org/web-streams-polyfill/-/web-streams-polyfill-3.3.3.tgz",
      "integrity": "sha512-d2JWLCivmZYTSIoge9MsgFCZrt571BikcWGYkjC1khllbTeDlGqZ2D8vD8E/lJa8WGWbb7Plm8/XJYV7IJHZZw==",
      "engines": {
        "node": ">= 8"
      }
    }
  }
}
